// !$*UTF8*$!
{
	archiveVersion = 1;
	classes = {
	};
	objectVersion = 48;
	objects = {

/* Begin PBXBuildFile section */
		7A1DDF741FC96464000D21B7 /* FruitListNavigationCoordinator.swift in Sources */ = {isa = PBXBuildFile; fileRef = 7A1DDF621FC96464000D21B7 /* FruitListNavigationCoordinator.swift */; };
		7A1DDF751FC96464000D21B7 /* FruitListInteractor.swift in Sources */ = {isa = PBXBuildFile; fileRef = 7A1DDF641FC96464000D21B7 /* FruitListInteractor.swift */; };
		7A1DDF761FC96464000D21B7 /* CollectionViewDataSource.swift in Sources */ = {isa = PBXBuildFile; fileRef = 7A1DDF661FC96464000D21B7 /* CollectionViewDataSource.swift */; };
		7A1DDF771FC96464000D21B7 /* CollectionViewDelegate.swift in Sources */ = {isa = PBXBuildFile; fileRef = 7A1DDF671FC96464000D21B7 /* CollectionViewDelegate.swift */; };
		7A1DDF781FC96464000D21B7 /* FruitListPresenter+Helper.swift in Sources */ = {isa = PBXBuildFile; fileRef = 7A1DDF691FC96464000D21B7 /* FruitListPresenter+Helper.swift */; };
		7A1DDF791FC96464000D21B7 /* FruitListPresenter.swift in Sources */ = {isa = PBXBuildFile; fileRef = 7A1DDF6A1FC96464000D21B7 /* FruitListPresenter.swift */; };
		7A1DDF7A1FC96464000D21B7 /* FruitList.storyboard in Resources */ = {isa = PBXBuildFile; fileRef = 7A1DDF6C1FC96464000D21B7 /* FruitList.storyboard */; };
		7A1DDF7B1FC96464000D21B7 /* FruitListCell.swift in Sources */ = {isa = PBXBuildFile; fileRef = 7A1DDF6E1FC96464000D21B7 /* FruitListCell.swift */; };
		7A1DDF7C1FC96464000D21B7 /* FruitListCell.xib in Resources */ = {isa = PBXBuildFile; fileRef = 7A1DDF6F1FC96464000D21B7 /* FruitListCell.xib */; };
		7A1DDF7D1FC96464000D21B7 /* FruitListViewController+PresenterDelegate.swift in Sources */ = {isa = PBXBuildFile; fileRef = 7A1DDF711FC96464000D21B7 /* FruitListViewController+PresenterDelegate.swift */; };
		7A1DDF7E1FC96464000D21B7 /* FruitListViewController+UIViewControllerPreviewDelegate.swift in Sources */ = {isa = PBXBuildFile; fileRef = 7A1DDF721FC96464000D21B7 /* FruitListViewController+UIViewControllerPreviewDelegate.swift */; };
		7A1DDF7F1FC96464000D21B7 /* FruitListViewController.swift in Sources */ = {isa = PBXBuildFile; fileRef = 7A1DDF731FC96464000D21B7 /* FruitListViewController.swift */; };
		7A30F0301FC9F43D003423A9 /* SupportDisaplyUsageStatsUpdate.swift in Sources */ = {isa = PBXBuildFile; fileRef = 7A30F02F1FC9F43D003423A9 /* SupportDisaplyUsageStatsUpdate.swift */; };
		7A8F42811FC75AED00E57FAC /* AppDelegate.swift in Sources */ = {isa = PBXBuildFile; fileRef = 7A8F427C1FC75AED00E57FAC /* AppDelegate.swift */; };
		7A8F42821FC75AED00E57FAC /* Assets.xcassets in Resources */ = {isa = PBXBuildFile; fileRef = 7A8F427E1FC75AED00E57FAC /* Assets.xcassets */; };
		7A8F42831FC75AED00E57FAC /* LaunchScreen.storyboard in Resources */ = {isa = PBXBuildFile; fileRef = 7A8F427F1FC75AED00E57FAC /* LaunchScreen.storyboard */; };
		7A8F42861FC75B3E00E57FAC /* Localizable.strings in Resources */ = {isa = PBXBuildFile; fileRef = 7A8F42881FC75B3E00E57FAC /* Localizable.strings */; };
		7A8F42D71FC75BCC00E57FAC /* DetailedViewerNavigationCoordinator.swift in Sources */ = {isa = PBXBuildFile; fileRef = 7A8F428E1FC75BCC00E57FAC /* DetailedViewerNavigationCoordinator.swift */; };
		7A8F42D81FC75BCC00E57FAC /* DetailedViewerPresenter.swift in Sources */ = {isa = PBXBuildFile; fileRef = 7A8F42901FC75BCC00E57FAC /* DetailedViewerPresenter.swift */; };
		7A8F42D91FC75BCC00E57FAC /* DetailedViewer.storyboard in Resources */ = {isa = PBXBuildFile; fileRef = 7A8F42921FC75BCC00E57FAC /* DetailedViewer.storyboard */; };
		7A8F42DA1FC75BCC00E57FAC /* DetailedViewerViewController.swift in Sources */ = {isa = PBXBuildFile; fileRef = 7A8F42941FC75BCC00E57FAC /* DetailedViewerViewController.swift */; };
		7A8F42DB1FC75BCC00E57FAC /* MainNavigationCoordinator.swift in Sources */ = {isa = PBXBuildFile; fileRef = 7A8F42971FC75BCC00E57FAC /* MainNavigationCoordinator.swift */; };
		7A8F42DC1FC75BCC00E57FAC /* MainPresenter.swift in Sources */ = {isa = PBXBuildFile; fileRef = 7A8F429A1FC75BCC00E57FAC /* MainPresenter.swift */; };
		7A8F42DD1FC75BCC00E57FAC /* Main.storyboard in Resources */ = {isa = PBXBuildFile; fileRef = 7A8F429C1FC75BCC00E57FAC /* Main.storyboard */; };
		7A8F42DE1FC75BCC00E57FAC /* MainTabBarController.swift in Sources */ = {isa = PBXBuildFile; fileRef = 7A8F429E1FC75BCC00E57FAC /* MainTabBarController.swift */; };
		7A8F42EB1FC75BCC00E57FAC /* Fruit.swift in Sources */ = {isa = PBXBuildFile; fileRef = 7A8F42B51FC75BCC00E57FAC /* Fruit.swift */; };
		7A8F42EC1FC75BCC00E57FAC /* Functions.swift in Sources */ = {isa = PBXBuildFile; fileRef = 7A8F42B71FC75BCC00E57FAC /* Functions.swift */; };
		7A8F42ED1FC75BCC00E57FAC /* Strings.swift in Sources */ = {isa = PBXBuildFile; fileRef = 7A8F42B91FC75BCC00E57FAC /* Strings.swift */; };
		7A8F42EF1FC75BCC00E57FAC /* FruitDataNetworkService.swift in Sources */ = {isa = PBXBuildFile; fileRef = 7A8F42BD1FC75BCC00E57FAC /* FruitDataNetworkService.swift */; };
		7A8F42F11FC75BCC00E57FAC /* CanInteractWithPresenter.swift in Sources */ = {isa = PBXBuildFile; fileRef = 7A8F42C11FC75BCC00E57FAC /* CanInteractWithPresenter.swift */; };
		7A8F42F21FC75BCC00E57FAC /* CanShowStatusView.swift in Sources */ = {isa = PBXBuildFile; fileRef = 7A8F42C21FC75BCC00E57FAC /* CanShowStatusView.swift */; };
		7A8F42F31FC75BCC00E57FAC /* Coordinatable.swift in Sources */ = {isa = PBXBuildFile; fileRef = 7A8F42C31FC75BCC00E57FAC /* Coordinatable.swift */; };
		7A8F42F41FC75BCC00E57FAC /* Interactor.swift in Sources */ = {isa = PBXBuildFile; fileRef = 7A8F42C41FC75BCC00E57FAC /* Interactor.swift */; };
		7A8F42F51FC75BCC00E57FAC /* Presenter.swift in Sources */ = {isa = PBXBuildFile; fileRef = 7A8F42C51FC75BCC00E57FAC /* Presenter.swift */; };
		7A8F42F61FC75BCC00E57FAC /* PresenterDelegate.swift in Sources */ = {isa = PBXBuildFile; fileRef = 7A8F42C61FC75BCC00E57FAC /* PresenterDelegate.swift */; };
		7A8F42F71FC75BCC00E57FAC /* Reuseable.swift in Sources */ = {isa = PBXBuildFile; fileRef = 7A8F42C71FC75BCC00E57FAC /* Reuseable.swift */; };
		7A8F42F81FC75BCC00E57FAC /* Task.swift in Sources */ = {isa = PBXBuildFile; fileRef = 7A8F42C81FC75BCC00E57FAC /* Task.swift */; };
		7A8F42F91FC75BCC00E57FAC /* ErrorView.swift in Sources */ = {isa = PBXBuildFile; fileRef = 7A8F42CA1FC75BCC00E57FAC /* ErrorView.swift */; };
		7A8F42FA1FC75BCC00E57FAC /* ErrorView.xib in Resources */ = {isa = PBXBuildFile; fileRef = 7A8F42CB1FC75BCC00E57FAC /* ErrorView.xib */; };
		7A8F42FB1FC75BCC00E57FAC /* LoadingView.swift in Sources */ = {isa = PBXBuildFile; fileRef = 7A8F42CC1FC75BCC00E57FAC /* LoadingView.swift */; };
		7A8F42FC1FC75BCC00E57FAC /* LoadingView.xib in Resources */ = {isa = PBXBuildFile; fileRef = 7A8F42CD1FC75BCC00E57FAC /* LoadingView.xib */; };
		7A8F42FD1FC75BCC00E57FAC /* UICollectionReusableView+ReuseIdentifier.swift in Sources */ = {isa = PBXBuildFile; fileRef = 7A8F42D01FC75BCC00E57FAC /* UICollectionReusableView+ReuseIdentifier.swift */; };
		7A8F42FE1FC75BCC00E57FAC /* UICollectionView+Register.swift in Sources */ = {isa = PBXBuildFile; fileRef = 7A8F42D21FC75BCC00E57FAC /* UICollectionView+Register.swift */; };
		7A8F42FF1FC75BCC00E57FAC /* UIStoryboard+Instantiate.swift in Sources */ = {isa = PBXBuildFile; fileRef = 7A8F42D41FC75BCC00E57FAC /* UIStoryboard+Instantiate.swift */; };
		7A8F43001FC75BCC00E57FAC /* UIView+Initialize.swift in Sources */ = {isa = PBXBuildFile; fileRef = 7A8F42D61FC75BCC00E57FAC /* UIView+Initialize.swift */; };
		7A8F43111FC76B8600E57FAC /* Result.swift in Sources */ = {isa = PBXBuildFile; fileRef = 7A8F43101FC76B8600E57FAC /* Result.swift */; };
		7AD5630E1FC9A46E00215F55 /* FruitViewModel.swift in Sources */ = {isa = PBXBuildFile; fileRef = 7AD5630D1FC9A46E00215F55 /* FruitViewModel.swift */; };
		7AD563121FC9C2EA00215F55 /* UsageStatsNetworkService.swift in Sources */ = {isa = PBXBuildFile; fileRef = 7AD563111FC9C2EA00215F55 /* UsageStatsNetworkService.swift */; };
		7AD563141FC9C6CA00215F55 /* NetworkServiceError.swift in Sources */ = {isa = PBXBuildFile; fileRef = 7AD563131FC9C6CA00215F55 /* NetworkServiceError.swift */; };
		7AD563181FC9C7BF00215F55 /* HTTPURLResponse+ResponseType.swift in Sources */ = {isa = PBXBuildFile; fileRef = 7AD563171FC9C7BF00215F55 /* HTTPURLResponse+ResponseType.swift */; };
		E1008FD42094DADC00510BF0 /* OnboardingNavigationCoordinator.swift in Sources */ = {isa = PBXBuildFile; fileRef = E1008FD32094DADC00510BF0 /* OnboardingNavigationCoordinator.swift */; };
		E1008FD62094DB1900510BF0 /* OnboardingPresenter.swift in Sources */ = {isa = PBXBuildFile; fileRef = E1008FD52094DB1900510BF0 /* OnboardingPresenter.swift */; };
		E1008FDE2095FF5400510BF0 /* OnboardingPage.storyboard in Resources */ = {isa = PBXBuildFile; fileRef = E1008FDD2095FF5400510BF0 /* OnboardingPage.storyboard */; };
		E1008FE02095FF6C00510BF0 /* OnboardingPage.swift in Sources */ = {isa = PBXBuildFile; fileRef = E1008FDF2095FF6C00510BF0 /* OnboardingPage.swift */; };
		E1008FE42095FFC800510BF0 /* OnboardingPageNavigationCoordinator.swift in Sources */ = {isa = PBXBuildFile; fileRef = E1008FE32095FFC800510BF0 /* OnboardingPageNavigationCoordinator.swift */; };
		E1008FE62096004200510BF0 /* OnboardingPagePresenter.swift in Sources */ = {isa = PBXBuildFile; fileRef = E1008FE52096004200510BF0 /* OnboardingPagePresenter.swift */; };
		E1188E922094C50600D2F61B /* Onboarding.storyboard in Resources */ = {isa = PBXBuildFile; fileRef = E1188E912094C50600D2F61B /* Onboarding.storyboard */; };
		E1188E942094C53500D2F61B /* OnboardingPageViewController.swift in Sources */ = {isa = PBXBuildFile; fileRef = E1188E932094C53500D2F61B /* OnboardingPageViewController.swift */; };
		E126608A20891D320039F2F9 /* ViewControllerFactory.swift in Sources */ = {isa = PBXBuildFile; fileRef = E126608920891D320039F2F9 /* ViewControllerFactory.swift */; };
		E16717D5209DE1BE00F52635 /* OnboardingPageView.swift in Sources */ = {isa = PBXBuildFile; fileRef = E16717D3209DE1BE00F52635 /* OnboardingPageView.swift */; };
		E16717D6209DE1BE00F52635 /* OnboardingPageView.xib in Resources */ = {isa = PBXBuildFile; fileRef = E16717D4209DE1BE00F52635 /* OnboardingPageView.xib */; };
		E191117F2086724100A88564 /* MenuViewModel.swift in Sources */ = {isa = PBXBuildFile; fileRef = E191117E2086724100A88564 /* MenuViewModel.swift */; };
		E19111822086727300A88564 /* MenuViewModelFactory.swift in Sources */ = {isa = PBXBuildFile; fileRef = E19111812086727300A88564 /* MenuViewModelFactory.swift */; };
		E1C94DE02086710100F8AC74 /* Menu.swift in Sources */ = {isa = PBXBuildFile; fileRef = E1C94DDF2086710100F8AC74 /* Menu.swift */; };
		E1E056C8207FD1CD00692145 /* FunctionsTests.swift in Sources */ = {isa = PBXBuildFile; fileRef = E1E056B0207FD1CD00692145 /* FunctionsTests.swift */; };
		E1E056C9207FD1CD00692145 /* HTTPURLResponse+ResponseTypeTests.swift in Sources */ = {isa = PBXBuildFile; fileRef = E1E056B2207FD1CD00692145 /* HTTPURLResponse+ResponseTypeTests.swift */; };
		E1E056CE207FD1CD00692145 /* InteractorTests.swift in Sources */ = {isa = PBXBuildFile; fileRef = E1E056B9207FD1CD00692145 /* InteractorTests.swift */; };
		E1E056CF207FD1CD00692145 /* ErrorViewTests.swift in Sources */ = {isa = PBXBuildFile; fileRef = E1E056BB207FD1CD00692145 /* ErrorViewTests.swift */; };
		E1E056D0207FD1CD00692145 /* LoadingViewTests.swift in Sources */ = {isa = PBXBuildFile; fileRef = E1E056BC207FD1CD00692145 /* LoadingViewTests.swift */; };
/* End PBXBuildFile section */

/* Begin PBXContainerItemProxy section */
		7A8F426B1FC75A3400E57FAC /* PBXContainerItemProxy */ = {
			isa = PBXContainerItemProxy;
			containerPortal = 7A8F424E1FC75A3400E57FAC /* Project object */;
			proxyType = 1;
			remoteGlobalIDString = 7A8F42551FC75A3400E57FAC;
			remoteInfo = FruitViewer;
		};
/* End PBXContainerItemProxy section */

/* Begin PBXFileReference section */
		7A1DDF621FC96464000D21B7 /* FruitListNavigationCoordinator.swift */ = {isa = PBXFileReference; fileEncoding = 4; lastKnownFileType = sourcecode.swift; path = FruitListNavigationCoordinator.swift; sourceTree = "<group>"; };
		7A1DDF641FC96464000D21B7 /* FruitListInteractor.swift */ = {isa = PBXFileReference; fileEncoding = 4; lastKnownFileType = sourcecode.swift; path = FruitListInteractor.swift; sourceTree = "<group>"; };
		7A1DDF661FC96464000D21B7 /* CollectionViewDataSource.swift */ = {isa = PBXFileReference; fileEncoding = 4; lastKnownFileType = sourcecode.swift; path = CollectionViewDataSource.swift; sourceTree = "<group>"; };
		7A1DDF671FC96464000D21B7 /* CollectionViewDelegate.swift */ = {isa = PBXFileReference; fileEncoding = 4; lastKnownFileType = sourcecode.swift; path = CollectionViewDelegate.swift; sourceTree = "<group>"; };
		7A1DDF691FC96464000D21B7 /* FruitListPresenter+Helper.swift */ = {isa = PBXFileReference; fileEncoding = 4; lastKnownFileType = sourcecode.swift; path = "FruitListPresenter+Helper.swift"; sourceTree = "<group>"; };
		7A1DDF6A1FC96464000D21B7 /* FruitListPresenter.swift */ = {isa = PBXFileReference; fileEncoding = 4; lastKnownFileType = sourcecode.swift; path = FruitListPresenter.swift; sourceTree = "<group>"; };
		7A1DDF6C1FC96464000D21B7 /* FruitList.storyboard */ = {isa = PBXFileReference; fileEncoding = 4; lastKnownFileType = file.storyboard; path = FruitList.storyboard; sourceTree = "<group>"; };
		7A1DDF6E1FC96464000D21B7 /* FruitListCell.swift */ = {isa = PBXFileReference; fileEncoding = 4; lastKnownFileType = sourcecode.swift; path = FruitListCell.swift; sourceTree = "<group>"; };
		7A1DDF6F1FC96464000D21B7 /* FruitListCell.xib */ = {isa = PBXFileReference; fileEncoding = 4; lastKnownFileType = file.xib; path = FruitListCell.xib; sourceTree = "<group>"; };
		7A1DDF711FC96464000D21B7 /* FruitListViewController+PresenterDelegate.swift */ = {isa = PBXFileReference; fileEncoding = 4; lastKnownFileType = sourcecode.swift; path = "FruitListViewController+PresenterDelegate.swift"; sourceTree = "<group>"; };
		7A1DDF721FC96464000D21B7 /* FruitListViewController+UIViewControllerPreviewDelegate.swift */ = {isa = PBXFileReference; fileEncoding = 4; lastKnownFileType = sourcecode.swift; path = "FruitListViewController+UIViewControllerPreviewDelegate.swift"; sourceTree = "<group>"; };
		7A1DDF731FC96464000D21B7 /* FruitListViewController.swift */ = {isa = PBXFileReference; fileEncoding = 4; lastKnownFileType = sourcecode.swift; path = FruitListViewController.swift; sourceTree = "<group>"; };
		7A30F02F1FC9F43D003423A9 /* SupportDisaplyUsageStatsUpdate.swift */ = {isa = PBXFileReference; lastKnownFileType = sourcecode.swift; path = SupportDisaplyUsageStatsUpdate.swift; sourceTree = "<group>"; };
		7A8F42561FC75A3400E57FAC /* Kizen.app */ = {isa = PBXFileReference; explicitFileType = wrapper.application; includeInIndex = 0; path = Kizen.app; sourceTree = BUILT_PRODUCTS_DIR; };
		7A8F426A1FC75A3400E57FAC /* KizenTests.xctest */ = {isa = PBXFileReference; explicitFileType = wrapper.cfbundle; includeInIndex = 0; path = KizenTests.xctest; sourceTree = BUILT_PRODUCTS_DIR; };
		7A8F427A1FC75AED00E57FAC /* Info.plist */ = {isa = PBXFileReference; fileEncoding = 4; lastKnownFileType = text.plist.xml; path = Info.plist; sourceTree = "<group>"; };
		7A8F427C1FC75AED00E57FAC /* AppDelegate.swift */ = {isa = PBXFileReference; fileEncoding = 4; lastKnownFileType = sourcecode.swift; path = AppDelegate.swift; sourceTree = "<group>"; };
		7A8F427E1FC75AED00E57FAC /* Assets.xcassets */ = {isa = PBXFileReference; lastKnownFileType = folder.assetcatalog; path = Assets.xcassets; sourceTree = "<group>"; };
		7A8F427F1FC75AED00E57FAC /* LaunchScreen.storyboard */ = {isa = PBXFileReference; fileEncoding = 4; lastKnownFileType = file.storyboard; path = LaunchScreen.storyboard; sourceTree = "<group>"; };
		7A8F428A1FC75B5C00E57FAC /* Base */ = {isa = PBXFileReference; lastKnownFileType = text.plist.strings; name = Base; path = Base.lproj/Localizable.strings; sourceTree = "<group>"; };
		7A8F428E1FC75BCC00E57FAC /* DetailedViewerNavigationCoordinator.swift */ = {isa = PBXFileReference; fileEncoding = 4; lastKnownFileType = sourcecode.swift; path = DetailedViewerNavigationCoordinator.swift; sourceTree = "<group>"; };
		7A8F42901FC75BCC00E57FAC /* DetailedViewerPresenter.swift */ = {isa = PBXFileReference; fileEncoding = 4; lastKnownFileType = sourcecode.swift; path = DetailedViewerPresenter.swift; sourceTree = "<group>"; };
		7A8F42921FC75BCC00E57FAC /* DetailedViewer.storyboard */ = {isa = PBXFileReference; fileEncoding = 4; lastKnownFileType = file.storyboard; path = DetailedViewer.storyboard; sourceTree = "<group>"; };
		7A8F42941FC75BCC00E57FAC /* DetailedViewerViewController.swift */ = {isa = PBXFileReference; fileEncoding = 4; lastKnownFileType = sourcecode.swift; path = DetailedViewerViewController.swift; sourceTree = "<group>"; };
		7A8F42971FC75BCC00E57FAC /* MainNavigationCoordinator.swift */ = {isa = PBXFileReference; fileEncoding = 4; lastKnownFileType = sourcecode.swift; path = MainNavigationCoordinator.swift; sourceTree = "<group>"; };
		7A8F429A1FC75BCC00E57FAC /* MainPresenter.swift */ = {isa = PBXFileReference; fileEncoding = 4; lastKnownFileType = sourcecode.swift; path = MainPresenter.swift; sourceTree = "<group>"; };
		7A8F429C1FC75BCC00E57FAC /* Main.storyboard */ = {isa = PBXFileReference; fileEncoding = 4; lastKnownFileType = file.storyboard; path = Main.storyboard; sourceTree = "<group>"; };
		7A8F429E1FC75BCC00E57FAC /* MainTabBarController.swift */ = {isa = PBXFileReference; fileEncoding = 4; lastKnownFileType = sourcecode.swift; path = MainTabBarController.swift; sourceTree = "<group>"; };
		7A8F42B51FC75BCC00E57FAC /* Fruit.swift */ = {isa = PBXFileReference; fileEncoding = 4; lastKnownFileType = sourcecode.swift; path = Fruit.swift; sourceTree = "<group>"; };
		7A8F42B71FC75BCC00E57FAC /* Functions.swift */ = {isa = PBXFileReference; fileEncoding = 4; lastKnownFileType = sourcecode.swift; path = Functions.swift; sourceTree = "<group>"; };
		7A8F42B91FC75BCC00E57FAC /* Strings.swift */ = {isa = PBXFileReference; fileEncoding = 4; lastKnownFileType = sourcecode.swift; path = Strings.swift; sourceTree = "<group>"; };
		7A8F42BD1FC75BCC00E57FAC /* FruitDataNetworkService.swift */ = {isa = PBXFileReference; fileEncoding = 4; lastKnownFileType = sourcecode.swift; path = FruitDataNetworkService.swift; sourceTree = "<group>"; };
		7A8F42C11FC75BCC00E57FAC /* CanInteractWithPresenter.swift */ = {isa = PBXFileReference; fileEncoding = 4; lastKnownFileType = sourcecode.swift; path = CanInteractWithPresenter.swift; sourceTree = "<group>"; };
		7A8F42C21FC75BCC00E57FAC /* CanShowStatusView.swift */ = {isa = PBXFileReference; fileEncoding = 4; lastKnownFileType = sourcecode.swift; path = CanShowStatusView.swift; sourceTree = "<group>"; };
		7A8F42C31FC75BCC00E57FAC /* Coordinatable.swift */ = {isa = PBXFileReference; fileEncoding = 4; lastKnownFileType = sourcecode.swift; path = Coordinatable.swift; sourceTree = "<group>"; };
		7A8F42C41FC75BCC00E57FAC /* Interactor.swift */ = {isa = PBXFileReference; fileEncoding = 4; lastKnownFileType = sourcecode.swift; path = Interactor.swift; sourceTree = "<group>"; };
		7A8F42C51FC75BCC00E57FAC /* Presenter.swift */ = {isa = PBXFileReference; fileEncoding = 4; lastKnownFileType = sourcecode.swift; path = Presenter.swift; sourceTree = "<group>"; };
		7A8F42C61FC75BCC00E57FAC /* PresenterDelegate.swift */ = {isa = PBXFileReference; fileEncoding = 4; lastKnownFileType = sourcecode.swift; path = PresenterDelegate.swift; sourceTree = "<group>"; };
		7A8F42C71FC75BCC00E57FAC /* Reuseable.swift */ = {isa = PBXFileReference; fileEncoding = 4; lastKnownFileType = sourcecode.swift; path = Reuseable.swift; sourceTree = "<group>"; };
		7A8F42C81FC75BCC00E57FAC /* Task.swift */ = {isa = PBXFileReference; fileEncoding = 4; lastKnownFileType = sourcecode.swift; path = Task.swift; sourceTree = "<group>"; };
		7A8F42CA1FC75BCC00E57FAC /* ErrorView.swift */ = {isa = PBXFileReference; fileEncoding = 4; lastKnownFileType = sourcecode.swift; path = ErrorView.swift; sourceTree = "<group>"; };
		7A8F42CB1FC75BCC00E57FAC /* ErrorView.xib */ = {isa = PBXFileReference; fileEncoding = 4; lastKnownFileType = file.xib; path = ErrorView.xib; sourceTree = "<group>"; };
		7A8F42CC1FC75BCC00E57FAC /* LoadingView.swift */ = {isa = PBXFileReference; fileEncoding = 4; lastKnownFileType = sourcecode.swift; path = LoadingView.swift; sourceTree = "<group>"; };
		7A8F42CD1FC75BCC00E57FAC /* LoadingView.xib */ = {isa = PBXFileReference; fileEncoding = 4; lastKnownFileType = file.xib; path = LoadingView.xib; sourceTree = "<group>"; };
		7A8F42D01FC75BCC00E57FAC /* UICollectionReusableView+ReuseIdentifier.swift */ = {isa = PBXFileReference; fileEncoding = 4; lastKnownFileType = sourcecode.swift; path = "UICollectionReusableView+ReuseIdentifier.swift"; sourceTree = "<group>"; };
		7A8F42D21FC75BCC00E57FAC /* UICollectionView+Register.swift */ = {isa = PBXFileReference; fileEncoding = 4; lastKnownFileType = sourcecode.swift; path = "UICollectionView+Register.swift"; sourceTree = "<group>"; };
		7A8F42D41FC75BCC00E57FAC /* UIStoryboard+Instantiate.swift */ = {isa = PBXFileReference; fileEncoding = 4; lastKnownFileType = sourcecode.swift; path = "UIStoryboard+Instantiate.swift"; sourceTree = "<group>"; };
		7A8F42D61FC75BCC00E57FAC /* UIView+Initialize.swift */ = {isa = PBXFileReference; fileEncoding = 4; lastKnownFileType = sourcecode.swift; path = "UIView+Initialize.swift"; sourceTree = "<group>"; };
		7A8F43101FC76B8600E57FAC /* Result.swift */ = {isa = PBXFileReference; fileEncoding = 4; lastKnownFileType = sourcecode.swift; path = Result.swift; sourceTree = "<group>"; };
		7AD5630D1FC9A46E00215F55 /* FruitViewModel.swift */ = {isa = PBXFileReference; lastKnownFileType = sourcecode.swift; path = FruitViewModel.swift; sourceTree = "<group>"; };
		7AD563111FC9C2EA00215F55 /* UsageStatsNetworkService.swift */ = {isa = PBXFileReference; lastKnownFileType = sourcecode.swift; path = UsageStatsNetworkService.swift; sourceTree = "<group>"; };
		7AD563131FC9C6CA00215F55 /* NetworkServiceError.swift */ = {isa = PBXFileReference; lastKnownFileType = sourcecode.swift; path = NetworkServiceError.swift; sourceTree = "<group>"; };
		7AD563171FC9C7BF00215F55 /* HTTPURLResponse+ResponseType.swift */ = {isa = PBXFileReference; lastKnownFileType = sourcecode.swift; path = "HTTPURLResponse+ResponseType.swift"; sourceTree = "<group>"; };
		E1008FD32094DADC00510BF0 /* OnboardingNavigationCoordinator.swift */ = {isa = PBXFileReference; lastKnownFileType = sourcecode.swift; path = OnboardingNavigationCoordinator.swift; sourceTree = "<group>"; };
		E1008FD52094DB1900510BF0 /* OnboardingPresenter.swift */ = {isa = PBXFileReference; lastKnownFileType = sourcecode.swift; path = OnboardingPresenter.swift; sourceTree = "<group>"; };
		E1008FDD2095FF5400510BF0 /* OnboardingPage.storyboard */ = {isa = PBXFileReference; lastKnownFileType = file.storyboard; path = OnboardingPage.storyboard; sourceTree = "<group>"; };
		E1008FDF2095FF6C00510BF0 /* OnboardingPage.swift */ = {isa = PBXFileReference; lastKnownFileType = sourcecode.swift; path = OnboardingPage.swift; sourceTree = "<group>"; };
		E1008FE32095FFC800510BF0 /* OnboardingPageNavigationCoordinator.swift */ = {isa = PBXFileReference; lastKnownFileType = sourcecode.swift; path = OnboardingPageNavigationCoordinator.swift; sourceTree = "<group>"; };
		E1008FE52096004200510BF0 /* OnboardingPagePresenter.swift */ = {isa = PBXFileReference; lastKnownFileType = sourcecode.swift; path = OnboardingPagePresenter.swift; sourceTree = "<group>"; };
		E1188E912094C50600D2F61B /* Onboarding.storyboard */ = {isa = PBXFileReference; lastKnownFileType = file.storyboard; path = Onboarding.storyboard; sourceTree = "<group>"; };
		E1188E932094C53500D2F61B /* OnboardingPageViewController.swift */ = {isa = PBXFileReference; lastKnownFileType = sourcecode.swift; path = OnboardingPageViewController.swift; sourceTree = "<group>"; };
		E126608920891D320039F2F9 /* ViewControllerFactory.swift */ = {isa = PBXFileReference; lastKnownFileType = sourcecode.swift; path = ViewControllerFactory.swift; sourceTree = "<group>"; };
		E16717D3209DE1BE00F52635 /* OnboardingPageView.swift */ = {isa = PBXFileReference; lastKnownFileType = sourcecode.swift; path = OnboardingPageView.swift; sourceTree = "<group>"; };
		E16717D4209DE1BE00F52635 /* OnboardingPageView.xib */ = {isa = PBXFileReference; lastKnownFileType = file.xib; path = OnboardingPageView.xib; sourceTree = "<group>"; };
		E191117E2086724100A88564 /* MenuViewModel.swift */ = {isa = PBXFileReference; lastKnownFileType = sourcecode.swift; path = MenuViewModel.swift; sourceTree = "<group>"; };
		E19111812086727300A88564 /* MenuViewModelFactory.swift */ = {isa = PBXFileReference; lastKnownFileType = sourcecode.swift; path = MenuViewModelFactory.swift; sourceTree = "<group>"; };
		E1C94DDF2086710100F8AC74 /* Menu.swift */ = {isa = PBXFileReference; lastKnownFileType = sourcecode.swift; path = Menu.swift; sourceTree = "<group>"; };
		E1E0569E207FD1CD00692145 /* Info.plist */ = {isa = PBXFileReference; fileEncoding = 4; lastKnownFileType = text.plist.xml; path = Info.plist; sourceTree = "<group>"; };
		E1E056B0207FD1CD00692145 /* FunctionsTests.swift */ = {isa = PBXFileReference; fileEncoding = 4; lastKnownFileType = sourcecode.swift; path = FunctionsTests.swift; sourceTree = "<group>"; };
		E1E056B2207FD1CD00692145 /* HTTPURLResponse+ResponseTypeTests.swift */ = {isa = PBXFileReference; fileEncoding = 4; lastKnownFileType = sourcecode.swift; path = "HTTPURLResponse+ResponseTypeTests.swift"; sourceTree = "<group>"; };
		E1E056B9207FD1CD00692145 /* InteractorTests.swift */ = {isa = PBXFileReference; fileEncoding = 4; lastKnownFileType = sourcecode.swift; path = InteractorTests.swift; sourceTree = "<group>"; };
		E1E056BB207FD1CD00692145 /* ErrorViewTests.swift */ = {isa = PBXFileReference; fileEncoding = 4; lastKnownFileType = sourcecode.swift; path = ErrorViewTests.swift; sourceTree = "<group>"; };
		E1E056BC207FD1CD00692145 /* LoadingViewTests.swift */ = {isa = PBXFileReference; fileEncoding = 4; lastKnownFileType = sourcecode.swift; path = LoadingViewTests.swift; sourceTree = "<group>"; };
/* End PBXFileReference section */

/* Begin PBXFrameworksBuildPhase section */
		7A8F42531FC75A3400E57FAC /* Frameworks */ = {
			isa = PBXFrameworksBuildPhase;
			buildActionMask = 2147483647;
			files = (
			);
			runOnlyForDeploymentPostprocessing = 0;
		};
		7A8F42671FC75A3400E57FAC /* Frameworks */ = {
			isa = PBXFrameworksBuildPhase;
			buildActionMask = 2147483647;
			files = (
			);
			runOnlyForDeploymentPostprocessing = 0;
		};
/* End PBXFrameworksBuildPhase section */

/* Begin PBXGroup section */
		7A1DDF601FC96464000D21B7 /* FruitList */ = {
			isa = PBXGroup;
			children = (
				7A1DDF611FC96464000D21B7 /* Coordinator */,
				7A1DDF631FC96464000D21B7 /* Interactor */,
				7A1DDF651FC96464000D21B7 /* Model */,
				7A1DDF681FC96464000D21B7 /* Presenter */,
				7A1DDF6B1FC96464000D21B7 /* Storyboard */,
				7A1DDF6D1FC96464000D21B7 /* View */,
				7A1DDF701FC96464000D21B7 /* ViewController */,
			);
			path = FruitList;
			sourceTree = "<group>";
		};
		7A1DDF611FC96464000D21B7 /* Coordinator */ = {
			isa = PBXGroup;
			children = (
				7A1DDF621FC96464000D21B7 /* FruitListNavigationCoordinator.swift */,
			);
			path = Coordinator;
			sourceTree = "<group>";
		};
		7A1DDF631FC96464000D21B7 /* Interactor */ = {
			isa = PBXGroup;
			children = (
				7A1DDF641FC96464000D21B7 /* FruitListInteractor.swift */,
			);
			path = Interactor;
			sourceTree = "<group>";
		};
		7A1DDF651FC96464000D21B7 /* Model */ = {
			isa = PBXGroup;
			children = (
				7A1DDF661FC96464000D21B7 /* CollectionViewDataSource.swift */,
				7A1DDF671FC96464000D21B7 /* CollectionViewDelegate.swift */,
			);
			path = Model;
			sourceTree = "<group>";
		};
		7A1DDF681FC96464000D21B7 /* Presenter */ = {
			isa = PBXGroup;
			children = (
				7A1DDF691FC96464000D21B7 /* FruitListPresenter+Helper.swift */,
				7A1DDF6A1FC96464000D21B7 /* FruitListPresenter.swift */,
			);
			path = Presenter;
			sourceTree = "<group>";
		};
		7A1DDF6B1FC96464000D21B7 /* Storyboard */ = {
			isa = PBXGroup;
			children = (
				7A1DDF6C1FC96464000D21B7 /* FruitList.storyboard */,
			);
			path = Storyboard;
			sourceTree = "<group>";
		};
		7A1DDF6D1FC96464000D21B7 /* View */ = {
			isa = PBXGroup;
			children = (
				7A1DDF6E1FC96464000D21B7 /* FruitListCell.swift */,
				7A1DDF6F1FC96464000D21B7 /* FruitListCell.xib */,
			);
			path = View;
			sourceTree = "<group>";
		};
		7A1DDF701FC96464000D21B7 /* ViewController */ = {
			isa = PBXGroup;
			children = (
				7A1DDF711FC96464000D21B7 /* FruitListViewController+PresenterDelegate.swift */,
				7A1DDF721FC96464000D21B7 /* FruitListViewController+UIViewControllerPreviewDelegate.swift */,
				7A1DDF731FC96464000D21B7 /* FruitListViewController.swift */,
			);
			path = ViewController;
			sourceTree = "<group>";
		};
		7A8F424D1FC75A3400E57FAC = {
			isa = PBXGroup;
			children = (
				7A8F42581FC75A3400E57FAC /* Kizen */,
				E1E0569D207FD1CD00692145 /* KizenTests */,
				7A8F42571FC75A3400E57FAC /* Products */,
			);
			sourceTree = "<group>";
		};
		7A8F42571FC75A3400E57FAC /* Products */ = {
			isa = PBXGroup;
			children = (
				7A8F42561FC75A3400E57FAC /* Kizen.app */,
				7A8F426A1FC75A3400E57FAC /* KizenTests.xctest */,
			);
			name = Products;
			sourceTree = "<group>";
		};
		7A8F42581FC75A3400E57FAC /* Kizen */ = {
			isa = PBXGroup;
			children = (
				7A8F427D1FC75AED00E57FAC /* Resources */,
				7A8F427B1FC75AED00E57FAC /* Source */,
				7A8F42791FC75AED00E57FAC /* Supporting */,
			);
			path = Kizen;
			sourceTree = "<group>";
		};
		7A8F42791FC75AED00E57FAC /* Supporting */ = {
			isa = PBXGroup;
			children = (
				7A8F427A1FC75AED00E57FAC /* Info.plist */,
			);
			path = Supporting;
			sourceTree = "<group>";
		};
		7A8F427B1FC75AED00E57FAC /* Source */ = {
			isa = PBXGroup;
			children = (
				7A8F428B1FC75BCC00E57FAC /* Modules */,
				7A8F42B31FC75BCC00E57FAC /* Shared */,
				7A8F427C1FC75AED00E57FAC /* AppDelegate.swift */,
			);
			path = Source;
			sourceTree = "<group>";
		};
		7A8F427D1FC75AED00E57FAC /* Resources */ = {
			isa = PBXGroup;
			children = (
				7A8F427E1FC75AED00E57FAC /* Assets.xcassets */,
				7A8F427F1FC75AED00E57FAC /* LaunchScreen.storyboard */,
				7A8F42881FC75B3E00E57FAC /* Localizable.strings */,
			);
			path = Resources;
			sourceTree = "<group>";
		};
		7A8F428B1FC75BCC00E57FAC /* Modules */ = {
			isa = PBXGroup;
			children = (
				E1008FD72095FCF800510BF0 /* OnboardingPage */,
				E1188E892094C45300D2F61B /* Onboarding */,
				7A1DDF601FC96464000D21B7 /* FruitList */,
				7A8F428C1FC75BCC00E57FAC /* DetailedViewer */,
				7A8F42951FC75BCC00E57FAC /* Main */,
			);
			path = Modules;
			sourceTree = "<group>";
		};
		7A8F428C1FC75BCC00E57FAC /* DetailedViewer */ = {
			isa = PBXGroup;
			children = (
				7A8F428D1FC75BCC00E57FAC /* Coordinator */,
				7A8F428F1FC75BCC00E57FAC /* Presenter */,
				7A8F42911FC75BCC00E57FAC /* Storyboard */,
				7A8F42931FC75BCC00E57FAC /* ViewController */,
			);
			path = DetailedViewer;
			sourceTree = "<group>";
		};
		7A8F428D1FC75BCC00E57FAC /* Coordinator */ = {
			isa = PBXGroup;
			children = (
				7A8F428E1FC75BCC00E57FAC /* DetailedViewerNavigationCoordinator.swift */,
			);
			path = Coordinator;
			sourceTree = "<group>";
		};
		7A8F428F1FC75BCC00E57FAC /* Presenter */ = {
			isa = PBXGroup;
			children = (
				7A8F42901FC75BCC00E57FAC /* DetailedViewerPresenter.swift */,
			);
			path = Presenter;
			sourceTree = "<group>";
		};
		7A8F42911FC75BCC00E57FAC /* Storyboard */ = {
			isa = PBXGroup;
			children = (
				7A8F42921FC75BCC00E57FAC /* DetailedViewer.storyboard */,
			);
			path = Storyboard;
			sourceTree = "<group>";
		};
		7A8F42931FC75BCC00E57FAC /* ViewController */ = {
			isa = PBXGroup;
			children = (
				7A8F42941FC75BCC00E57FAC /* DetailedViewerViewController.swift */,
			);
			path = ViewController;
			sourceTree = "<group>";
		};
		7A8F42951FC75BCC00E57FAC /* Main */ = {
			isa = PBXGroup;
			children = (
				E19111802086725200A88564 /* Factories */,
				E1C94DDE208670ED00F8AC74 /* Entities */,
				7A8F42961FC75BCC00E57FAC /* Coordinator */,
				7A8F42991FC75BCC00E57FAC /* Presenter */,
				7A8F429B1FC75BCC00E57FAC /* Storyboard */,
				7A8F429D1FC75BCC00E57FAC /* ViewController */,
			);
			path = Main;
			sourceTree = "<group>";
		};
		7A8F42961FC75BCC00E57FAC /* Coordinator */ = {
			isa = PBXGroup;
			children = (
				7A8F42971FC75BCC00E57FAC /* MainNavigationCoordinator.swift */,
			);
			path = Coordinator;
			sourceTree = "<group>";
		};
		7A8F42991FC75BCC00E57FAC /* Presenter */ = {
			isa = PBXGroup;
			children = (
				7A8F429A1FC75BCC00E57FAC /* MainPresenter.swift */,
			);
			path = Presenter;
			sourceTree = "<group>";
		};
		7A8F429B1FC75BCC00E57FAC /* Storyboard */ = {
			isa = PBXGroup;
			children = (
				7A8F429C1FC75BCC00E57FAC /* Main.storyboard */,
			);
			path = Storyboard;
			sourceTree = "<group>";
		};
		7A8F429D1FC75BCC00E57FAC /* ViewController */ = {
			isa = PBXGroup;
			children = (
				7A8F429E1FC75BCC00E57FAC /* MainTabBarController.swift */,
			);
			path = ViewController;
			sourceTree = "<group>";
		};
		7A8F42B31FC75BCC00E57FAC /* Shared */ = {
			isa = PBXGroup;
			children = (
				E126608820891D220039F2F9 /* Factories */,
				7AD563151FC9C7A100215F55 /* Foundation */,
				7A8F42B41FC75BCC00E57FAC /* Entities */,
				7A8F42B61FC75BCC00E57FAC /* Functions */,
				7A8F42B81FC75BCC00E57FAC /* Helpers */,
				7A8F42BC1FC75BCC00E57FAC /* Networking */,
				7A8F42C01FC75BCC00E57FAC /* Protocols */,
				7A8F42C91FC75BCC00E57FAC /* StatusView */,
				7A8F42CE1FC75BCC00E57FAC /* UIKit */,
			);
			path = Shared;
			sourceTree = "<group>";
		};
		7A8F42B41FC75BCC00E57FAC /* Entities */ = {
			isa = PBXGroup;
			children = (
				7A8F42B51FC75BCC00E57FAC /* Fruit.swift */,
				7AD5630D1FC9A46E00215F55 /* FruitViewModel.swift */,
			);
			path = Entities;
			sourceTree = "<group>";
		};
		7A8F42B61FC75BCC00E57FAC /* Functions */ = {
			isa = PBXGroup;
			children = (
				7A8F42B71FC75BCC00E57FAC /* Functions.swift */,
			);
			path = Functions;
			sourceTree = "<group>";
		};
		7A8F42B81FC75BCC00E57FAC /* Helpers */ = {
			isa = PBXGroup;
			children = (
				7A8F42B91FC75BCC00E57FAC /* Strings.swift */,
			);
			path = Helpers;
			sourceTree = "<group>";
		};
		7A8F42BC1FC75BCC00E57FAC /* Networking */ = {
			isa = PBXGroup;
			children = (
				7A8F43101FC76B8600E57FAC /* Result.swift */,
				7A8F42BD1FC75BCC00E57FAC /* FruitDataNetworkService.swift */,
				7AD563111FC9C2EA00215F55 /* UsageStatsNetworkService.swift */,
				7AD563131FC9C6CA00215F55 /* NetworkServiceError.swift */,
			);
			path = Networking;
			sourceTree = "<group>";
		};
		7A8F42C01FC75BCC00E57FAC /* Protocols */ = {
			isa = PBXGroup;
			children = (
				7A30F02F1FC9F43D003423A9 /* SupportDisaplyUsageStatsUpdate.swift */,
				7A8F42C11FC75BCC00E57FAC /* CanInteractWithPresenter.swift */,
				7A8F42C21FC75BCC00E57FAC /* CanShowStatusView.swift */,
				7A8F42C31FC75BCC00E57FAC /* Coordinatable.swift */,
				7A8F42C41FC75BCC00E57FAC /* Interactor.swift */,
				7A8F42C51FC75BCC00E57FAC /* Presenter.swift */,
				7A8F42C61FC75BCC00E57FAC /* PresenterDelegate.swift */,
				7A8F42C71FC75BCC00E57FAC /* Reuseable.swift */,
				7A8F42C81FC75BCC00E57FAC /* Task.swift */,
			);
			path = Protocols;
			sourceTree = "<group>";
		};
		7A8F42C91FC75BCC00E57FAC /* StatusView */ = {
			isa = PBXGroup;
			children = (
				7A8F42CA1FC75BCC00E57FAC /* ErrorView.swift */,
				7A8F42CB1FC75BCC00E57FAC /* ErrorView.xib */,
				7A8F42CC1FC75BCC00E57FAC /* LoadingView.swift */,
				7A8F42CD1FC75BCC00E57FAC /* LoadingView.xib */,
			);
			path = StatusView;
			sourceTree = "<group>";
		};
		7A8F42CE1FC75BCC00E57FAC /* UIKit */ = {
			isa = PBXGroup;
			children = (
				7A8F42CF1FC75BCC00E57FAC /* UICollectionReusableView */,
				7A8F42D11FC75BCC00E57FAC /* UICollectionView */,
				7A8F42D31FC75BCC00E57FAC /* UIStoryboard */,
				7A8F42D51FC75BCC00E57FAC /* UIView */,
			);
			path = UIKit;
			sourceTree = "<group>";
		};
		7A8F42CF1FC75BCC00E57FAC /* UICollectionReusableView */ = {
			isa = PBXGroup;
			children = (
				7A8F42D01FC75BCC00E57FAC /* UICollectionReusableView+ReuseIdentifier.swift */,
			);
			path = UICollectionReusableView;
			sourceTree = "<group>";
		};
		7A8F42D11FC75BCC00E57FAC /* UICollectionView */ = {
			isa = PBXGroup;
			children = (
				7A8F42D21FC75BCC00E57FAC /* UICollectionView+Register.swift */,
			);
			path = UICollectionView;
			sourceTree = "<group>";
		};
		7A8F42D31FC75BCC00E57FAC /* UIStoryboard */ = {
			isa = PBXGroup;
			children = (
				7A8F42D41FC75BCC00E57FAC /* UIStoryboard+Instantiate.swift */,
			);
			path = UIStoryboard;
			sourceTree = "<group>";
		};
		7A8F42D51FC75BCC00E57FAC /* UIView */ = {
			isa = PBXGroup;
			children = (
				7A8F42D61FC75BCC00E57FAC /* UIView+Initialize.swift */,
			);
			path = UIView;
			sourceTree = "<group>";
		};
		7AD563151FC9C7A100215F55 /* Foundation */ = {
			isa = PBXGroup;
			children = (
				7AD563161FC9C7A100215F55 /* HTTPURLResponse */,
			);
			path = Foundation;
			sourceTree = "<group>";
		};
		7AD563161FC9C7A100215F55 /* HTTPURLResponse */ = {
			isa = PBXGroup;
			children = (
				7AD563171FC9C7BF00215F55 /* HTTPURLResponse+ResponseType.swift */,
			);
			path = HTTPURLResponse;
			sourceTree = "<group>";
		};
		E1008FD72095FCF800510BF0 /* OnboardingPage */ = {
			isa = PBXGroup;
			children = (
				E1008FE12095FFAB00510BF0 /* Coordinator */,
				E1008FDC2095FCF800510BF0 /* Interactor */,
				E1008FD92095FCF800510BF0 /* Presenter */,
				E1008FD82095FCF800510BF0 /* Storyboard */,
				E1008FDA2095FCF800510BF0 /* View */,
				E1008FDB2095FCF800510BF0 /* ViewController */,
			);
			path = OnboardingPage;
			sourceTree = "<group>";
		};
		E1008FD82095FCF800510BF0 /* Storyboard */ = {
			isa = PBXGroup;
			children = (
				E1008FDD2095FF5400510BF0 /* OnboardingPage.storyboard */,
			);
			path = Storyboard;
			sourceTree = "<group>";
		};
		E1008FD92095FCF800510BF0 /* Presenter */ = {
			isa = PBXGroup;
			children = (
				E1008FE52096004200510BF0 /* OnboardingPagePresenter.swift */,
			);
			path = Presenter;
			sourceTree = "<group>";
		};
		E1008FDA2095FCF800510BF0 /* View */ = {
			isa = PBXGroup;
			children = (
				E16717D3209DE1BE00F52635 /* OnboardingPageView.swift */,
				E16717D4209DE1BE00F52635 /* OnboardingPageView.xib */,
			);
			path = View;
			sourceTree = "<group>";
		};
		E1008FDB2095FCF800510BF0 /* ViewController */ = {
			isa = PBXGroup;
			children = (
				E1008FDF2095FF6C00510BF0 /* OnboardingPage.swift */,
			);
			path = ViewController;
			sourceTree = "<group>";
		};
		E1008FDC2095FCF800510BF0 /* Interactor */ = {
			isa = PBXGroup;
			children = (
			);
			path = Interactor;
			sourceTree = "<group>";
		};
		E1008FE12095FFAB00510BF0 /* Coordinator */ = {
			isa = PBXGroup;
			children = (
				E1008FE32095FFC800510BF0 /* OnboardingPageNavigationCoordinator.swift */,
			);
			path = Coordinator;
			sourceTree = "<group>";
		};
		E1188E892094C45300D2F61B /* Onboarding */ = {
			isa = PBXGroup;
			children = (
				E1188E8B2094C4C400D2F61B /* Coordinator */,
				E1188E8C2094C4C400D2F61B /* Presenter */,
				E1188E902094C4EB00D2F61B /* Storyboard */,
				E1188E8E2094C4C500D2F61B /* ViewController */,
			);
			path = Onboarding;
			sourceTree = "<group>";
		};
		E1188E8B2094C4C400D2F61B /* Coordinator */ = {
			isa = PBXGroup;
			children = (
				E1008FD32094DADC00510BF0 /* OnboardingNavigationCoordinator.swift */,
			);
			path = Coordinator;
			sourceTree = "<group>";
		};
		E1188E8C2094C4C400D2F61B /* Presenter */ = {
			isa = PBXGroup;
			children = (
				E1008FD52094DB1900510BF0 /* OnboardingPresenter.swift */,
			);
			path = Presenter;
			sourceTree = "<group>";
		};
		E1188E8E2094C4C500D2F61B /* ViewController */ = {
			isa = PBXGroup;
			children = (
				E1188E932094C53500D2F61B /* OnboardingPageViewController.swift */,
			);
			path = ViewController;
			sourceTree = "<group>";
		};
		E1188E902094C4EB00D2F61B /* Storyboard */ = {
			isa = PBXGroup;
			children = (
				E1188E912094C50600D2F61B /* Onboarding.storyboard */,
			);
			path = Storyboard;
			sourceTree = "<group>";
		};
		E126608820891D220039F2F9 /* Factories */ = {
			isa = PBXGroup;
			children = (
				E126608920891D320039F2F9 /* ViewControllerFactory.swift */,
			);
			path = Factories;
			sourceTree = "<group>";
		};
		E19111802086725200A88564 /* Factories */ = {
			isa = PBXGroup;
			children = (
				E19111812086727300A88564 /* MenuViewModelFactory.swift */,
			);
			path = Factories;
			sourceTree = "<group>";
		};
		E1C94DDE208670ED00F8AC74 /* Entities */ = {
			isa = PBXGroup;
			children = (
				E1C94DDF2086710100F8AC74 /* Menu.swift */,
				E191117E2086724100A88564 /* MenuViewModel.swift */,
			);
			path = Entities;
			sourceTree = "<group>";
		};
		E1E0569D207FD1CD00692145 /* KizenTests */ = {
			isa = PBXGroup;
			children = (
				E1E0569E207FD1CD00692145 /* Info.plist */,
				E1E0569F207FD1CD00692145 /* Source */,
			);
			path = KizenTests;
			sourceTree = "<group>";
		};
		E1E0569F207FD1CD00692145 /* Source */ = {
			isa = PBXGroup;
			children = (
				E1E056A0207FD1CD00692145 /* Modules */,
				E1E056AB207FD1CD00692145 /* Shared */,
			);
			path = Source;
			sourceTree = "<group>";
		};
		E1E056A0207FD1CD00692145 /* Modules */ = {
			isa = PBXGroup;
			children = (
			);
			path = Modules;
			sourceTree = "<group>";
		};
		E1E056AB207FD1CD00692145 /* Shared */ = {
			isa = PBXGroup;
			children = (
				E1E056AF207FD1CD00692145 /* Functions */,
				E1E056B1207FD1CD00692145 /* HTTPURLResponse */,
				E1E056B6207FD1CD00692145 /* Protocols */,
				E1E056BA207FD1CD00692145 /* StatusView */,
			);
			path = Shared;
			sourceTree = "<group>";
		};
		E1E056AF207FD1CD00692145 /* Functions */ = {
			isa = PBXGroup;
			children = (
				E1E056B0207FD1CD00692145 /* FunctionsTests.swift */,
			);
			path = Functions;
			sourceTree = "<group>";
		};
		E1E056B1207FD1CD00692145 /* HTTPURLResponse */ = {
			isa = PBXGroup;
			children = (
				E1E056B2207FD1CD00692145 /* HTTPURLResponse+ResponseTypeTests.swift */,
			);
			path = HTTPURLResponse;
			sourceTree = "<group>";
		};
		E1E056B6207FD1CD00692145 /* Protocols */ = {
			isa = PBXGroup;
			children = (
				E1E056B9207FD1CD00692145 /* InteractorTests.swift */,
			);
			path = Protocols;
			sourceTree = "<group>";
		};
		E1E056BA207FD1CD00692145 /* StatusView */ = {
			isa = PBXGroup;
			children = (
				E1E056BB207FD1CD00692145 /* ErrorViewTests.swift */,
				E1E056BC207FD1CD00692145 /* LoadingViewTests.swift */,
			);
			path = StatusView;
			sourceTree = "<group>";
		};
/* End PBXGroup section */

/* Begin PBXNativeTarget section */
		7A8F42551FC75A3400E57FAC /* Kizen */ = {
			isa = PBXNativeTarget;
			buildConfigurationList = 7A8F42731FC75A3400E57FAC /* Build configuration list for PBXNativeTarget "Kizen" */;
			buildPhases = (
				7A8F42521FC75A3400E57FAC /* Sources */,
				7A8F42531FC75A3400E57FAC /* Frameworks */,
				7A8F42541FC75A3400E57FAC /* Resources */,
			);
			buildRules = (
			);
			dependencies = (
			);
			name = Kizen;
			productName = FruitViewer;
			productReference = 7A8F42561FC75A3400E57FAC /* Kizen.app */;
			productType = "com.apple.product-type.application";
		};
		7A8F42691FC75A3400E57FAC /* KizenTests */ = {
			isa = PBXNativeTarget;
			buildConfigurationList = 7A8F42761FC75A3400E57FAC /* Build configuration list for PBXNativeTarget "KizenTests" */;
			buildPhases = (
				7A8F42661FC75A3400E57FAC /* Sources */,
				7A8F42671FC75A3400E57FAC /* Frameworks */,
				7A8F42681FC75A3400E57FAC /* Resources */,
			);
			buildRules = (
			);
			dependencies = (
				7A8F426C1FC75A3400E57FAC /* PBXTargetDependency */,
			);
			name = KizenTests;
			productName = FruitViewerTests;
			productReference = 7A8F426A1FC75A3400E57FAC /* KizenTests.xctest */;
			productType = "com.apple.product-type.bundle.unit-test";
		};
/* End PBXNativeTarget section */

/* Begin PBXProject section */
		7A8F424E1FC75A3400E57FAC /* Project object */ = {
			isa = PBXProject;
			attributes = {
				LastSwiftUpdateCheck = 0900;
				LastUpgradeCheck = 0900;
				ORGANIZATIONNAME = "John, Melvin (Associate Software Developer)";
				TargetAttributes = {
					7A8F42551FC75A3400E57FAC = {
						CreatedOnToolsVersion = 9.0.1;
						LastSwiftMigration = 0900;
						ProvisioningStyle = Automatic;
					};
					7A8F42691FC75A3400E57FAC = {
						CreatedOnToolsVersion = 9.0.1;
						LastSwiftMigration = 0900;
						ProvisioningStyle = Automatic;
						TestTargetID = 7A8F42551FC75A3400E57FAC;
					};
				};
			};
			buildConfigurationList = 7A8F42511FC75A3400E57FAC /* Build configuration list for PBXProject "Kizen" */;
			compatibilityVersion = "Xcode 8.0";
			developmentRegion = en;
			hasScannedForEncodings = 0;
			knownRegions = (
				en,
				Base,
			);
			mainGroup = 7A8F424D1FC75A3400E57FAC;
			productRefGroup = 7A8F42571FC75A3400E57FAC /* Products */;
			projectDirPath = "";
			projectRoot = "";
			targets = (
				7A8F42551FC75A3400E57FAC /* Kizen */,
				7A8F42691FC75A3400E57FAC /* KizenTests */,
			);
		};
/* End PBXProject section */

/* Begin PBXResourcesBuildPhase section */
		7A8F42541FC75A3400E57FAC /* Resources */ = {
			isa = PBXResourcesBuildPhase;
			buildActionMask = 2147483647;
			files = (
				7A8F42831FC75AED00E57FAC /* LaunchScreen.storyboard in Resources */,
				E1008FDE2095FF5400510BF0 /* OnboardingPage.storyboard in Resources */,
				E1188E922094C50600D2F61B /* Onboarding.storyboard in Resources */,
				7A8F42861FC75B3E00E57FAC /* Localizable.strings in Resources */,
				7A8F42D91FC75BCC00E57FAC /* DetailedViewer.storyboard in Resources */,
				7A1DDF7A1FC96464000D21B7 /* FruitList.storyboard in Resources */,
				E16717D6209DE1BE00F52635 /* OnboardingPageView.xib in Resources */,
				7A1DDF7C1FC96464000D21B7 /* FruitListCell.xib in Resources */,
				7A8F42DD1FC75BCC00E57FAC /* Main.storyboard in Resources */,
				7A8F42FA1FC75BCC00E57FAC /* ErrorView.xib in Resources */,
				7A8F42821FC75AED00E57FAC /* Assets.xcassets in Resources */,
				7A8F42FC1FC75BCC00E57FAC /* LoadingView.xib in Resources */,
			);
			runOnlyForDeploymentPostprocessing = 0;
		};
		7A8F42681FC75A3400E57FAC /* Resources */ = {
			isa = PBXResourcesBuildPhase;
			buildActionMask = 2147483647;
			files = (
			);
			runOnlyForDeploymentPostprocessing = 0;
		};
/* End PBXResourcesBuildPhase section */

/* Begin PBXSourcesBuildPhase section */
		7A8F42521FC75A3400E57FAC /* Sources */ = {
			isa = PBXSourcesBuildPhase;
			buildActionMask = 2147483647;
			files = (
				7AD563121FC9C2EA00215F55 /* UsageStatsNetworkService.swift in Sources */,
				7A1DDF7F1FC96464000D21B7 /* FruitListViewController.swift in Sources */,
				7A8F42F71FC75BCC00E57FAC /* Reuseable.swift in Sources */,
				7A1DDF771FC96464000D21B7 /* CollectionViewDelegate.swift in Sources */,
				7A1DDF781FC96464000D21B7 /* FruitListPresenter+Helper.swift in Sources */,
				E1008FE02095FF6C00510BF0 /* OnboardingPage.swift in Sources */,
				7A8F42ED1FC75BCC00E57FAC /* Strings.swift in Sources */,
				E1188E942094C53500D2F61B /* OnboardingPageViewController.swift in Sources */,
				7A8F42F21FC75BCC00E57FAC /* CanShowStatusView.swift in Sources */,
				7A1DDF7B1FC96464000D21B7 /* FruitListCell.swift in Sources */,
				7A8F42DE1FC75BCC00E57FAC /* MainTabBarController.swift in Sources */,
				7A8F42F31FC75BCC00E57FAC /* Coordinatable.swift in Sources */,
				7A8F43111FC76B8600E57FAC /* Result.swift in Sources */,
				7A1DDF791FC96464000D21B7 /* FruitListPresenter.swift in Sources */,
				7A8F42F11FC75BCC00E57FAC /* CanInteractWithPresenter.swift in Sources */,
				7A8F42FD1FC75BCC00E57FAC /* UICollectionReusableView+ReuseIdentifier.swift in Sources */,
				E1008FE42095FFC800510BF0 /* OnboardingPageNavigationCoordinator.swift in Sources */,
				E1008FD62094DB1900510BF0 /* OnboardingPresenter.swift in Sources */,
				E19111822086727300A88564 /* MenuViewModelFactory.swift in Sources */,
				7AD563181FC9C7BF00215F55 /* HTTPURLResponse+ResponseType.swift in Sources */,
				7A8F42F41FC75BCC00E57FAC /* Interactor.swift in Sources */,
				7A8F42FB1FC75BCC00E57FAC /* LoadingView.swift in Sources */,
				E16717D5209DE1BE00F52635 /* OnboardingPageView.swift in Sources */,
				7A8F42F61FC75BCC00E57FAC /* PresenterDelegate.swift in Sources */,
				7A8F42F91FC75BCC00E57FAC /* ErrorView.swift in Sources */,
				7A1DDF7D1FC96464000D21B7 /* FruitListViewController+PresenterDelegate.swift in Sources */,
				E126608A20891D320039F2F9 /* ViewControllerFactory.swift in Sources */,
				7A1DDF751FC96464000D21B7 /* FruitListInteractor.swift in Sources */,
				7A8F42EF1FC75BCC00E57FAC /* FruitDataNetworkService.swift in Sources */,
				7A8F42811FC75AED00E57FAC /* AppDelegate.swift in Sources */,
				E1008FD42094DADC00510BF0 /* OnboardingNavigationCoordinator.swift in Sources */,
				7A8F42DC1FC75BCC00E57FAC /* MainPresenter.swift in Sources */,
				E191117F2086724100A88564 /* MenuViewModel.swift in Sources */,
				7A8F42EC1FC75BCC00E57FAC /* Functions.swift in Sources */,
				7A8F42F81FC75BCC00E57FAC /* Task.swift in Sources */,
				7A8F42DA1FC75BCC00E57FAC /* DetailedViewerViewController.swift in Sources */,
				7A8F42F51FC75BCC00E57FAC /* Presenter.swift in Sources */,
				7A8F42EB1FC75BCC00E57FAC /* Fruit.swift in Sources */,
				7A1DDF741FC96464000D21B7 /* FruitListNavigationCoordinator.swift in Sources */,
				E1C94DE02086710100F8AC74 /* Menu.swift in Sources */,
				7A8F42DB1FC75BCC00E57FAC /* MainNavigationCoordinator.swift in Sources */,
				E1008FE62096004200510BF0 /* OnboardingPagePresenter.swift in Sources */,
				7A8F42D81FC75BCC00E57FAC /* DetailedViewerPresenter.swift in Sources */,
				7AD563141FC9C6CA00215F55 /* NetworkServiceError.swift in Sources */,
				7A1DDF7E1FC96464000D21B7 /* FruitListViewController+UIViewControllerPreviewDelegate.swift in Sources */,
				7A1DDF761FC96464000D21B7 /* CollectionViewDataSource.swift in Sources */,
				7AD5630E1FC9A46E00215F55 /* FruitViewModel.swift in Sources */,
				7A8F42FE1FC75BCC00E57FAC /* UICollectionView+Register.swift in Sources */,
				7A30F0301FC9F43D003423A9 /* SupportDisaplyUsageStatsUpdate.swift in Sources */,
				7A8F43001FC75BCC00E57FAC /* UIView+Initialize.swift in Sources */,
				7A8F42D71FC75BCC00E57FAC /* DetailedViewerNavigationCoordinator.swift in Sources */,
				7A8F42FF1FC75BCC00E57FAC /* UIStoryboard+Instantiate.swift in Sources */,
			);
			runOnlyForDeploymentPostprocessing = 0;
		};
		7A8F42661FC75A3400E57FAC /* Sources */ = {
			isa = PBXSourcesBuildPhase;
			buildActionMask = 2147483647;
			files = (
				E1E056CE207FD1CD00692145 /* InteractorTests.swift in Sources */,
				E1E056CF207FD1CD00692145 /* ErrorViewTests.swift in Sources */,
				E1E056C8207FD1CD00692145 /* FunctionsTests.swift in Sources */,
				E1E056D0207FD1CD00692145 /* LoadingViewTests.swift in Sources */,
				E1E056C9207FD1CD00692145 /* HTTPURLResponse+ResponseTypeTests.swift in Sources */,
			);
			runOnlyForDeploymentPostprocessing = 0;
		};
/* End PBXSourcesBuildPhase section */

/* Begin PBXTargetDependency section */
		7A8F426C1FC75A3400E57FAC /* PBXTargetDependency */ = {
			isa = PBXTargetDependency;
			target = 7A8F42551FC75A3400E57FAC /* Kizen */;
			targetProxy = 7A8F426B1FC75A3400E57FAC /* PBXContainerItemProxy */;
		};
/* End PBXTargetDependency section */

/* Begin PBXVariantGroup section */
		7A8F42881FC75B3E00E57FAC /* Localizable.strings */ = {
			isa = PBXVariantGroup;
			children = (
				7A8F428A1FC75B5C00E57FAC /* Base */,
			);
			name = Localizable.strings;
			sourceTree = "<group>";
		};
/* End PBXVariantGroup section */

/* Begin XCBuildConfiguration section */
		7A8F42711FC75A3400E57FAC /* Debug */ = {
			isa = XCBuildConfiguration;
			buildSettings = {
				ALWAYS_SEARCH_USER_PATHS = NO;
				CLANG_ANALYZER_NONNULL = YES;
				CLANG_ANALYZER_NUMBER_OBJECT_CONVERSION = YES_AGGRESSIVE;
				CLANG_CXX_LANGUAGE_STANDARD = "gnu++14";
				CLANG_CXX_LIBRARY = "libc++";
				CLANG_ENABLE_MODULES = YES;
				CLANG_ENABLE_OBJC_ARC = YES;
				CLANG_WARN_BLOCK_CAPTURE_AUTORELEASING = YES;
				CLANG_WARN_BOOL_CONVERSION = YES;
				CLANG_WARN_COMMA = YES;
				CLANG_WARN_CONSTANT_CONVERSION = YES;
				CLANG_WARN_DIRECT_OBJC_ISA_USAGE = YES_ERROR;
				CLANG_WARN_DOCUMENTATION_COMMENTS = YES;
				CLANG_WARN_EMPTY_BODY = YES;
				CLANG_WARN_ENUM_CONVERSION = YES;
				CLANG_WARN_INFINITE_RECURSION = YES;
				CLANG_WARN_INT_CONVERSION = YES;
				CLANG_WARN_NON_LITERAL_NULL_CONVERSION = YES;
				CLANG_WARN_OBJC_LITERAL_CONVERSION = YES;
				CLANG_WARN_OBJC_ROOT_CLASS = YES_ERROR;
				CLANG_WARN_RANGE_LOOP_ANALYSIS = YES;
				CLANG_WARN_STRICT_PROTOTYPES = YES;
				CLANG_WARN_SUSPICIOUS_MOVE = YES;
				CLANG_WARN_UNGUARDED_AVAILABILITY = YES_AGGRESSIVE;
				CLANG_WARN_UNREACHABLE_CODE = YES;
				CLANG_WARN__DUPLICATE_METHOD_MATCH = YES;
				CODE_SIGN_IDENTITY = "iPhone Developer";
				COPY_PHASE_STRIP = NO;
				DEBUG_INFORMATION_FORMAT = dwarf;
				ENABLE_STRICT_OBJC_MSGSEND = YES;
				ENABLE_TESTABILITY = YES;
				GCC_C_LANGUAGE_STANDARD = gnu11;
				GCC_DYNAMIC_NO_PIC = NO;
				GCC_NO_COMMON_BLOCKS = YES;
				GCC_OPTIMIZATION_LEVEL = 0;
				GCC_PREPROCESSOR_DEFINITIONS = (
					"DEBUG=1",
					"$(inherited)",
				);
				GCC_WARN_64_TO_32_BIT_CONVERSION = YES;
				GCC_WARN_ABOUT_RETURN_TYPE = YES_ERROR;
				GCC_WARN_UNDECLARED_SELECTOR = YES;
				GCC_WARN_UNINITIALIZED_AUTOS = YES_AGGRESSIVE;
				GCC_WARN_UNUSED_FUNCTION = YES;
				GCC_WARN_UNUSED_VARIABLE = YES;
				IPHONEOS_DEPLOYMENT_TARGET = 11.0;
				MTL_ENABLE_DEBUG_INFO = YES;
				ONLY_ACTIVE_ARCH = YES;
				SDKROOT = iphoneos;
				SWIFT_ACTIVE_COMPILATION_CONDITIONS = DEBUG;
				SWIFT_OPTIMIZATION_LEVEL = "-Onone";
			};
			name = Debug;
		};
		7A8F42721FC75A3400E57FAC /* Release */ = {
			isa = XCBuildConfiguration;
			buildSettings = {
				ALWAYS_SEARCH_USER_PATHS = NO;
				CLANG_ANALYZER_NONNULL = YES;
				CLANG_ANALYZER_NUMBER_OBJECT_CONVERSION = YES_AGGRESSIVE;
				CLANG_CXX_LANGUAGE_STANDARD = "gnu++14";
				CLANG_CXX_LIBRARY = "libc++";
				CLANG_ENABLE_MODULES = YES;
				CLANG_ENABLE_OBJC_ARC = YES;
				CLANG_WARN_BLOCK_CAPTURE_AUTORELEASING = YES;
				CLANG_WARN_BOOL_CONVERSION = YES;
				CLANG_WARN_COMMA = YES;
				CLANG_WARN_CONSTANT_CONVERSION = YES;
				CLANG_WARN_DIRECT_OBJC_ISA_USAGE = YES_ERROR;
				CLANG_WARN_DOCUMENTATION_COMMENTS = YES;
				CLANG_WARN_EMPTY_BODY = YES;
				CLANG_WARN_ENUM_CONVERSION = YES;
				CLANG_WARN_INFINITE_RECURSION = YES;
				CLANG_WARN_INT_CONVERSION = YES;
				CLANG_WARN_NON_LITERAL_NULL_CONVERSION = YES;
				CLANG_WARN_OBJC_LITERAL_CONVERSION = YES;
				CLANG_WARN_OBJC_ROOT_CLASS = YES_ERROR;
				CLANG_WARN_RANGE_LOOP_ANALYSIS = YES;
				CLANG_WARN_STRICT_PROTOTYPES = YES;
				CLANG_WARN_SUSPICIOUS_MOVE = YES;
				CLANG_WARN_UNGUARDED_AVAILABILITY = YES_AGGRESSIVE;
				CLANG_WARN_UNREACHABLE_CODE = YES;
				CLANG_WARN__DUPLICATE_METHOD_MATCH = YES;
				CODE_SIGN_IDENTITY = "iPhone Developer";
				COPY_PHASE_STRIP = NO;
				DEBUG_INFORMATION_FORMAT = "dwarf-with-dsym";
				ENABLE_NS_ASSERTIONS = NO;
				ENABLE_STRICT_OBJC_MSGSEND = YES;
				GCC_C_LANGUAGE_STANDARD = gnu11;
				GCC_NO_COMMON_BLOCKS = YES;
				GCC_WARN_64_TO_32_BIT_CONVERSION = YES;
				GCC_WARN_ABOUT_RETURN_TYPE = YES_ERROR;
				GCC_WARN_UNDECLARED_SELECTOR = YES;
				GCC_WARN_UNINITIALIZED_AUTOS = YES_AGGRESSIVE;
				GCC_WARN_UNUSED_FUNCTION = YES;
				GCC_WARN_UNUSED_VARIABLE = YES;
				IPHONEOS_DEPLOYMENT_TARGET = 11.0;
				MTL_ENABLE_DEBUG_INFO = NO;
				SDKROOT = iphoneos;
				SWIFT_OPTIMIZATION_LEVEL = "-Owholemodule";
				VALIDATE_PRODUCT = YES;
			};
			name = Release;
		};
		7A8F42741FC75A3400E57FAC /* Debug */ = {
			isa = XCBuildConfiguration;
			buildSettings = {
				ASSETCATALOG_COMPILER_APPICON_NAME = AppIcon;
				CLANG_ENABLE_MODULES = YES;
				CODE_SIGN_STYLE = Automatic;
				INFOPLIST_FILE = "$(SRCROOT)/Kizen/Supporting/Info.plist";
				LD_RUNPATH_SEARCH_PATHS = "$(inherited) @executable_path/Frameworks";
				PRODUCT_BUNDLE_IDENTIFIER = com.melvin.Kizen;
				PRODUCT_NAME = "$(TARGET_NAME)";
				SWIFT_OBJC_BRIDGING_HEADER = "";
				SWIFT_OPTIMIZATION_LEVEL = "-Onone";
				SWIFT_VERSION = 4.0;
				TARGETED_DEVICE_FAMILY = "1,2";
			};
			name = Debug;
		};
		7A8F42751FC75A3400E57FAC /* Release */ = {
			isa = XCBuildConfiguration;
			buildSettings = {
				ASSETCATALOG_COMPILER_APPICON_NAME = AppIcon;
				CLANG_ENABLE_MODULES = YES;
				CODE_SIGN_STYLE = Automatic;
				INFOPLIST_FILE = "$(SRCROOT)/Kizen/Supporting/Info.plist";
				LD_RUNPATH_SEARCH_PATHS = "$(inherited) @executable_path/Frameworks";
				PRODUCT_BUNDLE_IDENTIFIER = com.melvin.Kizen;
				PRODUCT_NAME = "$(TARGET_NAME)";
				SWIFT_OBJC_BRIDGING_HEADER = "";
				SWIFT_VERSION = 4.0;
				TARGETED_DEVICE_FAMILY = "1,2";
			};
			name = Release;
		};
		7A8F42771FC75A3400E57FAC /* Debug */ = {
			isa = XCBuildConfiguration;
			buildSettings = {
				ALWAYS_EMBED_SWIFT_STANDARD_LIBRARIES = YES;
				BUNDLE_LOADER = "$(TEST_HOST)";
				CLANG_ENABLE_MODULES = YES;
				CODE_SIGN_STYLE = Automatic;
				INFOPLIST_FILE = KizenTests/Info.plist;
				LD_RUNPATH_SEARCH_PATHS = "$(inherited) @executable_path/Frameworks @loader_path/Frameworks";
				PRODUCT_BUNDLE_IDENTIFIER = com.melvin.FruitViewerTests;
				PRODUCT_NAME = "$(TARGET_NAME)";
				SWIFT_OBJC_BRIDGING_HEADER = "";
				SWIFT_OPTIMIZATION_LEVEL = "-Onone";
				SWIFT_VERSION = 4.0;
				TARGETED_DEVICE_FAMILY = "1,2";
				TEST_HOST = "$(BUILT_PRODUCTS_DIR)/Kizen.app/Kizen";
			};
			name = Debug;
		};
		7A8F42781FC75A3400E57FAC /* Release */ = {
			isa = XCBuildConfiguration;
			buildSettings = {
				ALWAYS_EMBED_SWIFT_STANDARD_LIBRARIES = YES;
				BUNDLE_LOADER = "$(TEST_HOST)";
				CLANG_ENABLE_MODULES = YES;
				CODE_SIGN_STYLE = Automatic;
				INFOPLIST_FILE = KizenTests/Info.plist;
				LD_RUNPATH_SEARCH_PATHS = "$(inherited) @executable_path/Frameworks @loader_path/Frameworks";
				PRODUCT_BUNDLE_IDENTIFIER = com.melvin.FruitViewerTests;
				PRODUCT_NAME = "$(TARGET_NAME)";
				SWIFT_OBJC_BRIDGING_HEADER = "";
				SWIFT_VERSION = 4.0;
				TARGETED_DEVICE_FAMILY = "1,2";
				TEST_HOST = "$(BUILT_PRODUCTS_DIR)/Kizen.app/Kizen";
			};
			name = Release;
		};
/* End XCBuildConfiguration section */

/* Begin XCConfigurationList section */
		7A8F42511FC75A3400E57FAC /* Build configuration list for PBXProject "Kizen" */ = {
			isa = XCConfigurationList;
			buildConfigurations = (
				7A8F42711FC75A3400E57FAC /* Debug */,
				7A8F42721FC75A3400E57FAC /* Release */,
			);
			defaultConfigurationIsVisible = 0;
			defaultConfigurationName = Release;
		};
		7A8F42731FC75A3400E57FAC /* Build configuration list for PBXNativeTarget "Kizen" */ = {
			isa = XCConfigurationList;
			buildConfigurations = (
				7A8F42741FC75A3400E57FAC /* Debug */,
				7A8F42751FC75A3400E57FAC /* Release */,
			);
			defaultConfigurationIsVisible = 0;
			defaultConfigurationName = Release;
		};
		7A8F42761FC75A3400E57FAC /* Build configuration list for PBXNativeTarget "KizenTests" */ = {
			isa = XCConfigurationList;
			buildConfigurations = (
				7A8F42771FC75A3400E57FAC /* Debug */,
				7A8F42781FC75A3400E57FAC /* Release */,
			);
			defaultConfigurationIsVisible = 0;
			defaultConfigurationName = Release;
		};
/* End XCConfigurationList section */
	};
	rootObject = 7A8F424E1FC75A3400E57FAC /* Project object */;
}
